// !$*UTF8*$!
{
	archiveVersion = 1;
	classes = {
	};
	objectVersion = 46;
	objects = {

/* Begin PBXBuildFile section */
		71164F8B1B9FE2B7002F5C9C /* main.m in Sources */ = {isa = PBXBuildFile; fileRef = 71164F8A1B9FE2B7002F5C9C /* main.m */; };
		71164F8E1B9FE2B7002F5C9C /* AppDelegate.m in Sources */ = {isa = PBXBuildFile; fileRef = 71164F8D1B9FE2B7002F5C9C /* AppDelegate.m */; };
		71164F941B9FE2B7002F5C9C /* Main.storyboard in Resources */ = {isa = PBXBuildFile; fileRef = 71164F921B9FE2B7002F5C9C /* Main.storyboard */; };
		71164F961B9FE2B7002F5C9C /* Images.xcassets in Resources */ = {isa = PBXBuildFile; fileRef = 71164F951B9FE2B7002F5C9C /* Images.xcassets */; };
		71164F991B9FE2B7002F5C9C /* LaunchScreen.xib in Resources */ = {isa = PBXBuildFile; fileRef = 71164F971B9FE2B7002F5C9C /* LaunchScreen.xib */; };
		71164FA51B9FE2B7002F5C9C /* MyOpiaTests.m in Sources */ = {isa = PBXBuildFile; fileRef = 71164FA41B9FE2B7002F5C9C /* MyOpiaTests.m */; };
		71164FB01B9FE3C6002F5C9C /* MainViewController.m in Sources */ = {isa = PBXBuildFile; fileRef = 71164FAF1B9FE3C6002F5C9C /* MainViewController.m */; };
/* End PBXBuildFile section */

/* Begin PBXContainerItemProxy section */
		71164F9F1B9FE2B7002F5C9C /* PBXContainerItemProxy */ = {
			isa = PBXContainerItemProxy;
			containerPortal = 71164F7D1B9FE2B7002F5C9C /* Project object */;
			proxyType = 1;
			remoteGlobalIDString = 71164F841B9FE2B7002F5C9C;
			remoteInfo = MyOpia;
		};
/* End PBXContainerItemProxy section */

/* Begin PBXFileReference section */
		71164F851B9FE2B7002F5C9C /* MyOpia.app */ = {isa = PBXFileReference; explicitFileType = wrapper.application; includeInIndex = 0; path = MyOpia.app; sourceTree = BUILT_PRODUCTS_DIR; };
		71164F891B9FE2B7002F5C9C /* Info.plist */ = {isa = PBXFileReference; lastKnownFileType = text.plist.xml; path = Info.plist; sourceTree = "<group>"; };
		71164F8A1B9FE2B7002F5C9C /* main.m */ = {isa = PBXFileReference; lastKnownFileType = sourcecode.c.objc; path = main.m; sourceTree = "<group>"; };
		71164F8C1B9FE2B7002F5C9C /* AppDelegate.h */ = {isa = PBXFileReference; lastKnownFileType = sourcecode.c.h; path = AppDelegate.h; sourceTree = "<group>"; };
		71164F8D1B9FE2B7002F5C9C /* AppDelegate.m */ = {isa = PBXFileReference; lastKnownFileType = sourcecode.c.objc; path = AppDelegate.m; sourceTree = "<group>"; };
		71164F931B9FE2B7002F5C9C /* Base */ = {isa = PBXFileReference; lastKnownFileType = file.storyboard; name = Base; path = Base.lproj/Main.storyboard; sourceTree = "<group>"; };
		71164F951B9FE2B7002F5C9C /* Images.xcassets */ = {isa = PBXFileReference; lastKnownFileType = folder.assetcatalog; path = Images.xcassets; sourceTree = "<group>"; };
		71164F981B9FE2B7002F5C9C /* Base */ = {isa = PBXFileReference; lastKnownFileType = file.xib; name = Base; path = Base.lproj/LaunchScreen.xib; sourceTree = "<group>"; };
		71164F9E1B9FE2B7002F5C9C /* MyOpiaTests.xctest */ = {isa = PBXFileReference; explicitFileType = wrapper.cfbundle; includeInIndex = 0; path = MyOpiaTests.xctest; sourceTree = BUILT_PRODUCTS_DIR; };
		71164FA31B9FE2B7002F5C9C /* Info.plist */ = {isa = PBXFileReference; lastKnownFileType = text.plist.xml; path = Info.plist; sourceTree = "<group>"; };
		71164FA41B9FE2B7002F5C9C /* MyOpiaTests.m */ = {isa = PBXFileReference; lastKnownFileType = sourcecode.c.objc; path = MyOpiaTests.m; sourceTree = "<group>"; };
		71164FAE1B9FE3C6002F5C9C /* MainViewController.h */ = {isa = PBXFileReference; fileEncoding = 4; lastKnownFileType = sourcecode.c.h; path = MainViewController.h; sourceTree = "<group>"; };
		71164FAF1B9FE3C6002F5C9C /* MainViewController.m */ = {isa = PBXFileReference; fileEncoding = 4; lastKnownFileType = sourcecode.c.objc; path = MainViewController.m; sourceTree = "<group>"; };
/* End PBXFileReference section */

/* Begin PBXFrameworksBuildPhase section */
		71164F821B9FE2B7002F5C9C /* Frameworks */ = {
			isa = PBXFrameworksBuildPhase;
			buildActionMask = 2147483647;
			files = (
			);
			runOnlyForDeploymentPostprocessing = 0;
		};
		71164F9B1B9FE2B7002F5C9C /* Frameworks */ = {
			isa = PBXFrameworksBuildPhase;
			buildActionMask = 2147483647;
			files = (
			);
			runOnlyForDeploymentPostprocessing = 0;
		};
/* End PBXFrameworksBuildPhase section */

/* Begin PBXGroup section */
		71164F7C1B9FE2B7002F5C9C = {
			isa = PBXGroup;
			children = (
				71164F871B9FE2B7002F5C9C /* MyOpia */,
				71164FA11B9FE2B7002F5C9C /* MyOpiaTests */,
				71164F861B9FE2B7002F5C9C /* Products */,
			);
			sourceTree = "<group>";
		};
		71164F861B9FE2B7002F5C9C /* Products */ = {
			isa = PBXGroup;
			children = (
				71164F851B9FE2B7002F5C9C /* MyOpia.app */,
				71164F9E1B9FE2B7002F5C9C /* MyOpiaTests.xctest */,
			);
			name = Products;
			sourceTree = "<group>";
		};
		71164F871B9FE2B7002F5C9C /* MyOpia */ = {
			isa = PBXGroup;
			children = (
				71164F8C1B9FE2B7002F5C9C /* AppDelegate.h */,
				71164F8D1B9FE2B7002F5C9C /* AppDelegate.m */,
				71164F921B9FE2B7002F5C9C /* Main.storyboard */,
				71164FAE1B9FE3C6002F5C9C /* MainViewController.h */,
				71164FAF1B9FE3C6002F5C9C /* MainViewController.m */,
				71164F951B9FE2B7002F5C9C /* Images.xcassets */,
				71164F971B9FE2B7002F5C9C /* LaunchScreen.xib */,
				71164F881B9FE2B7002F5C9C /* Supporting Files */,
			);
			path = MyOpia;
			sourceTree = "<group>";
		};
		71164F881B9FE2B7002F5C9C /* Supporting Files */ = {
			isa = PBXGroup;
			children = (
				71164F891B9FE2B7002F5C9C /* Info.plist */,
				71164F8A1B9FE2B7002F5C9C /* main.m */,
			);
			name = "Supporting Files";
			sourceTree = "<group>";
		};
		71164FA11B9FE2B7002F5C9C /* MyOpiaTests */ = {
			isa = PBXGroup;
			children = (
				71164FA41B9FE2B7002F5C9C /* MyOpiaTests.m */,
				71164FA21B9FE2B7002F5C9C /* Supporting Files */,
			);
			path = MyOpiaTests;
			sourceTree = "<group>";
		};
		71164FA21B9FE2B7002F5C9C /* Supporting Files */ = {
			isa = PBXGroup;
			children = (
				71164FA31B9FE2B7002F5C9C /* Info.plist */,
			);
			name = "Supporting Files";
			sourceTree = "<group>";
		};
/* End PBXGroup section */

/* Begin PBXNativeTarget section */
		71164F841B9FE2B7002F5C9C /* MyOpia */ = {
			isa = PBXNativeTarget;
			buildConfigurationList = 71164FA81B9FE2B7002F5C9C /* Build configuration list for PBXNativeTarget "MyOpia" */;
			buildPhases = (
				71164F811B9FE2B7002F5C9C /* Sources */,
				71164F821B9FE2B7002F5C9C /* Frameworks */,
				71164F831B9FE2B7002F5C9C /* Resources */,
			);
			buildRules = (
			);
			dependencies = (
			);
			name = MyOpia;
			productName = MyOpia;
			productReference = 71164F851B9FE2B7002F5C9C /* MyOpia.app */;
			productType = "com.apple.product-type.application";
		};
		71164F9D1B9FE2B7002F5C9C /* MyOpiaTests */ = {
			isa = PBXNativeTarget;
			buildConfigurationList = 71164FAB1B9FE2B7002F5C9C /* Build configuration list for PBXNativeTarget "MyOpiaTests" */;
			buildPhases = (
				71164F9A1B9FE2B7002F5C9C /* Sources */,
				71164F9B1B9FE2B7002F5C9C /* Frameworks */,
				71164F9C1B9FE2B7002F5C9C /* Resources */,
			);
			buildRules = (
			);
			dependencies = (
				71164FA01B9FE2B7002F5C9C /* PBXTargetDependency */,
			);
			name = MyOpiaTests;
			productName = MyOpiaTests;
			productReference = 71164F9E1B9FE2B7002F5C9C /* MyOpiaTests.xctest */;
			productType = "com.apple.product-type.bundle.unit-test";
		};
/* End PBXNativeTarget section */

/* Begin PBXProject section */
		71164F7D1B9FE2B7002F5C9C /* Project object */ = {
			isa = PBXProject;
			attributes = {
				LastUpgradeCheck = 0640;
				ORGANIZATIONNAME = BananaFoundation;
				TargetAttributes = {
					71164F841B9FE2B7002F5C9C = {
						CreatedOnToolsVersion = 6.4;
					};
					71164F9D1B9FE2B7002F5C9C = {
						CreatedOnToolsVersion = 6.4;
						TestTargetID = 71164F841B9FE2B7002F5C9C;
					};
				};
			};
			buildConfigurationList = 71164F801B9FE2B7002F5C9C /* Build configuration list for PBXProject "MyOpia" */;
			compatibilityVersion = "Xcode 3.2";
			developmentRegion = English;
			hasScannedForEncodings = 0;
			knownRegions = (
				en,
				Base,
			);
			mainGroup = 71164F7C1B9FE2B7002F5C9C;
			productRefGroup = 71164F861B9FE2B7002F5C9C /* Products */;
			projectDirPath = "";
			projectRoot = "";
			targets = (
				71164F841B9FE2B7002F5C9C /* MyOpia */,
				71164F9D1B9FE2B7002F5C9C /* MyOpiaTests */,
			);
		};
/* End PBXProject section */

/* Begin PBXResourcesBuildPhase section */
		71164F831B9FE2B7002F5C9C /* Resources */ = {
			isa = PBXResourcesBuildPhase;
			buildActionMask = 2147483647;
			files = (
				71164F941B9FE2B7002F5C9C /* Main.storyboard in Resources */,
				71164F991B9FE2B7002F5C9C /* LaunchScreen.xib in Resources */,
				71164F961B9FE2B7002F5C9C /* Images.xcassets in Resources */,
			);
			runOnlyForDeploymentPostprocessing = 0;
		};
		71164F9C1B9FE2B7002F5C9C /* Resources */ = {
			isa = PBXResourcesBuildPhase;
			buildActionMask = 2147483647;
			files = (
			);
			runOnlyForDeploymentPostprocessing = 0;
		};
/* End PBXResourcesBuildPhase section */

/* Begin PBXSourcesBuildPhase section */
		71164F811B9FE2B7002F5C9C /* Sources */ = {
			isa = PBXSourcesBuildPhase;
			buildActionMask = 2147483647;
			files = (
				71164F8E1B9FE2B7002F5C9C /* AppDelegate.m in Sources */,
				71164FB01B9FE3C6002F5C9C /* MainViewController.m in Sources */,
				71164F8B1B9FE2B7002F5C9C /* main.m in Sources */,
			);
			runOnlyForDeploymentPostprocessing = 0;
		};
		71164F9A1B9FE2B7002F5C9C /* Sources */ = {
			isa = PBXSourcesBuildPhase;
			buildActionMask = 2147483647;
			files = (
				71164FA51B9FE2B7002F5C9C /* MyOpiaTests.m in Sources */,
			);
			runOnlyForDeploymentPostprocessing = 0;
		};
/* End PBXSourcesBuildPhase section */

/* Begin PBXTargetDependency section */
		71164FA01B9FE2B7002F5C9C /* PBXTargetDependency */ = {
			isa = PBXTargetDependency;
			target = 71164F841B9FE2B7002F5C9C /* MyOpia */;
			targetProxy = 71164F9F1B9FE2B7002F5C9C /* PBXContainerItemProxy */;
		};
/* End PBXTargetDependency section */

/* Begin PBXVariantGroup section */
		71164F921B9FE2B7002F5C9C /* Main.storyboard */ = {
			isa = PBXVariantGroup;
			children = (
				71164F931B9FE2B7002F5C9C /* Base */,
			);
			name = Main.storyboard;
			sourceTree = "<group>";
		};
		71164F971B9FE2B7002F5C9C /* LaunchScreen.xib */ = {
			isa = PBXVariantGroup;
			children = (
				71164F981B9FE2B7002F5C9C /* Base */,
			);
			name = LaunchScreen.xib;
			sourceTree = "<group>";
		};
/* End PBXVariantGroup section */

/* Begin XCBuildConfiguration section */
		71164FA61B9FE2B7002F5C9C /* Debug */ = {
			isa = XCBuildConfiguration;
			buildSettings = {
				ALWAYS_SEARCH_USER_PATHS = NO;
				CLANG_CXX_LANGUAGE_STANDARD = "gnu++0x";
				CLANG_CXX_LIBRARY = "libc++";
				CLANG_ENABLE_MODULES = YES;
				CLANG_ENABLE_OBJC_ARC = YES;
				CLANG_WARN_BOOL_CONVERSION = YES;
				CLANG_WARN_CONSTANT_CONVERSION = YES;
				CLANG_WARN_DIRECT_OBJC_ISA_USAGE = YES_ERROR;
				CLANG_WARN_EMPTY_BODY = YES;
				CLANG_WARN_ENUM_CONVERSION = YES;
				CLANG_WARN_INT_CONVERSION = YES;
				CLANG_WARN_OBJC_ROOT_CLASS = YES_ERROR;
				CLANG_WARN_UNREACHABLE_CODE = YES;
				CLANG_WARN__DUPLICATE_METHOD_MATCH = YES;
				"CODE_SIGN_IDENTITY[sdk=iphoneos*]" = "iPhone Developer";
				COPY_PHASE_STRIP = NO;
				DEBUG_INFORMATION_FORMAT = "dwarf-with-dsym";
				ENABLE_STRICT_OBJC_MSGSEND = YES;
				GCC_C_LANGUAGE_STANDARD = gnu99;
				GCC_DYNAMIC_NO_PIC = NO;
				GCC_NO_COMMON_BLOCKS = YES;
				GCC_OPTIMIZATION_LEVEL = 0;
				GCC_PREPROCESSOR_DEFINITIONS = (
					"DEBUG=1",
					"$(inherited)",
				);
				GCC_SYMBOLS_PRIVATE_EXTERN = NO;
				GCC_WARN_64_TO_32_BIT_CONVERSION = YES;
				GCC_WARN_ABOUT_RETURN_TYPE = YES_ERROR;
				GCC_WARN_UNDECLARED_SELECTOR = YES;
				GCC_WARN_UNINITIALIZED_AUTOS = YES_AGGRESSIVE;
				GCC_WARN_UNUSED_FUNCTION = YES;
				GCC_WARN_UNUSED_VARIABLE = YES;
				IPHONEOS_DEPLOYMENT_TARGET = 8.4;
				MTL_ENABLE_DEBUG_INFO = YES;
				ONLY_ACTIVE_ARCH = YES;
				SDKROOT = iphoneos;
			};
			name = Debug;
		};
		71164FA71B9FE2B7002F5C9C /* Release */ = {
			isa = XCBuildConfiguration;
			buildSettings = {
				ALWAYS_SEARCH_USER_PATHS = NO;
				CLANG_CXX_LANGUAGE_STANDARD = "gnu++0x";
				CLANG_CXX_LIBRARY = "libc++";
				CLANG_ENABLE_MODULES = YES;
				CLANG_ENABLE_OBJC_ARC = YES;
				CLANG_WARN_BOOL_CONVERSION = YES;
				CLANG_WARN_CONSTANT_CONVERSION = YES;
				CLANG_WARN_DIRECT_OBJC_ISA_USAGE = YES_ERROR;
				CLANG_WARN_EMPTY_BODY = YES;
				CLANG_WARN_ENUM_CONVERSION = YES;
				CLANG_WARN_INT_CONVERSION = YES;
				CLANG_WARN_OBJC_ROOT_CLASS = YES_ERROR;
				CLANG_WARN_UNREACHABLE_CODE = YES;
				CLANG_WARN__DUPLICATE_METHOD_MATCH = YES;
				"CODE_SIGN_IDENTITY[sdk=iphoneos*]" = "iPhone Developer";
				COPY_PHASE_STRIP = NO;
				DEBUG_INFORMATION_FORMAT = "dwarf-with-dsym";
				ENABLE_NS_ASSERTIONS = NO;
				ENABLE_STRICT_OBJC_MSGSEND = YES;
				GCC_C_LANGUAGE_STANDARD = gnu99;
				GCC_NO_COMMON_BLOCKS = YES;
				GCC_WARN_64_TO_32_BIT_CONVERSION = YES;
				GCC_WARN_ABOUT_RETURN_TYPE = YES_ERROR;
				GCC_WARN_UNDECLARED_SELECTOR = YES;
				GCC_WARN_UNINITIALIZED_AUTOS = YES_AGGRESSIVE;
				GCC_WARN_UNUSED_FUNCTION = YES;
				GCC_WARN_UNUSED_VARIABLE = YES;
				IPHONEOS_DEPLOYMENT_TARGET = 8.4;
				MTL_ENABLE_DEBUG_INFO = NO;
				SDKROOT = iphoneos;
				VALIDATE_PRODUCT = YES;
			};
			name = Release;
		};
		71164FA91B9FE2B7002F5C9C /* Debug */ = {
			isa = XCBuildConfiguration;
			buildSettings = {
				ASSETCATALOG_COMPILER_APPICON_NAME = AppIcon;
				INFOPLIST_FILE = MyOpia/Info.plist;
				IPHONEOS_DEPLOYMENT_TARGET = 8.0;
				LD_RUNPATH_SEARCH_PATHS = "$(inherited) @executable_path/Frameworks";
				PRODUCT_NAME = "$(TARGET_NAME)";
			};
			name = Debug;
		};
		71164FAA1B9FE2B7002F5C9C /* Release */ = {
			isa = XCBuildConfiguration;
			buildSettings = {
				ASSETCATALOG_COMPILER_APPICON_NAME = AppIcon;
				INFOPLIST_FILE = MyOpia/Info.plist;
				IPHONEOS_DEPLOYMENT_TARGET = 8.0;
				LD_RUNPATH_SEARCH_PATHS = "$(inherited) @executable_path/Frameworks";
				PRODUCT_NAME = "$(TARGET_NAME)";
			};
			name = Release;
		};
		71164FAC1B9FE2B7002F5C9C /* Debug */ = {
			isa = XCBuildConfiguration;
			buildSettings = {
				BUNDLE_LOADER = "$(TEST_HOST)";
				FRAMEWORK_SEARCH_PATHS = (
					"$(SDKROOT)/Developer/Library/Frameworks",
					"$(inherited)",
				);
				GCC_PREPROCESSOR_DEFINITIONS = (
					"DEBUG=1",
					"$(inherited)",
				);
				INFOPLIST_FILE = MyOpiaTests/Info.plist;
				LD_RUNPATH_SEARCH_PATHS = "$(inherited) @executable_path/Frameworks @loader_path/Frameworks";
				PRODUCT_NAME = "$(TARGET_NAME)";
				TEST_HOST = "$(BUILT_PRODUCTS_DIR)/MyOpia.app/MyOpia";
			};
			name = Debug;
		};
		71164FAD1B9FE2B7002F5C9C /* Release */ = {
			isa = XCBuildConfiguration;
			buildSettings = {
				BUNDLE_LOADER = "$(TEST_HOST)";
				FRAMEWORK_SEARCH_PATHS = (
					"$(SDKROOT)/Developer/Library/Frameworks",
					"$(inherited)",
				);
				INFOPLIST_FILE = MyOpiaTests/Info.plist;
				LD_RUNPATH_SEARCH_PATHS = "$(inherited) @executable_path/Frameworks @loader_path/Frameworks";
				PRODUCT_NAME = "$(TARGET_NAME)";
				TEST_HOST = "$(BUILT_PRODUCTS_DIR)/MyOpia.app/MyOpia";
			};
			name = Release;
		};
/* End XCBuildConfiguration section */

/* Begin XCConfigurationList section */
		71164F801B9FE2B7002F5C9C /* Build configuration list for PBXProject "MyOpia" */ = {
			isa = XCConfigurationList;
			buildConfigurations = (
				71164FA61B9FE2B7002F5C9C /* Debug */,
				71164FA71B9FE2B7002F5C9C /* Release */,
			);
			defaultConfigurationIsVisible = 0;
			defaultConfigurationName = Release;
		};
		71164FA81B9FE2B7002F5C9C /* Build configuration list for PBXNativeTarget "MyOpia" */ = {
			isa = XCConfigurationList;
			buildConfigurations = (
				71164FA91B9FE2B7002F5C9C /* Debug */,
				71164FAA1B9FE2B7002F5C9C /* Release */,
			);
			defaultConfigurationIsVisible = 0;
		};
		71164FAB1B9FE2B7002F5C9C /* Build configuration list for PBXNativeTarget "MyOpiaTests" */ = {
			isa = XCConfigurationList;
			buildConfigurations = (
				71164FAC1B9FE2B7002F5C9C /* Debug */,
				71164FAD1B9FE2B7002F5C9C /* Release */,
			);
			defaultConfigurationIsVisible = 0;
		};
/* End XCConfigurationList section */
	};
	rootObject = 71164F7D1B9FE2B7002F5C9C /* Project object */;
}
